
Microsoft Visual Studio Solution File, Format Version 12.00
# Visual Studio 15
VisualStudioVersion = 15.0.27428.2043
MinimumVisualStudioVersion = 10.0.40219.1
Project("{FAE04EC0-301F-11D3-BF4B-00C04F79EFBC}") = "Powtorka2", "Powtorka2\Powtorka2.csproj", "{8A8BF9BD-3FAC-4C2C-A1E4-E6B54C5B55B8}"
EndProject
Global
	GlobalSection(SolutionConfigurationPlatforms) = preSolution
		Debug|Any CPU = Debug|Any CPU
		Release|Any CPU = Release|Any CPU
	EndGlobalSection
	GlobalSection(ProjectConfigurationPlatforms) = postSolution
		{8A8BF9BD-3FAC-4C2C-A1E4-E6B54C5B55B8}.Debug|Any CPU.ActiveCfg = Debug|Any CPU
		{8A8BF9BD-3FAC-4C2C-A1E4-E6B54C5B55B8}.Debug|Any CPU.Build.0 = Debug|Any CPU
		{8A8BF9BD-3FAC-4C2C-A1E4-E6B54C5B55B8}.Release|Any CPU.ActiveCfg = Release|Any CPU
		{8A8BF9BD-3FAC-4C2C-A1E4-E6B54C5B55B8}.Release|Any CPU.Build.0 = Release|Any CPU
	EndGlobalSection
	GlobalSection(SolutionProperties) = preSolution
		HideSolutionNode = FALSE
	EndGlobalSection
	GlobalSection(ExtensibilityGlobals) = postSolution
		SolutionGuid = {1522727B-E5B7-4E38-9909-8833DDFB7AA0}
	EndGlobalSection
EndGlobal
